
Microsoft Visual Studio Solution File, Format Version 12.00
# Visual Studio Version 16
VisualStudioVersion = 16.0.31605.320
MinimumVisualStudioVersion = 10.0.40219.1
Project("{FAE04EC0-301F-11D3-BF4B-00C04F79EFBC}") = "MyNorthwindLinqQueries", "MyNorthwindLinqQueries\MyNorthwindLinqQueries.csproj", "{1ED52BF2-0302-446E-91A4-1D10AE0D60DC}"
EndProject
Global
	GlobalSection(SolutionConfigurationPlatforms) = preSolution
		Debug|Any CPU = Debug|Any CPU
		Release|Any CPU = Release|Any CPU
	EndGlobalSection
	GlobalSection(ProjectConfigurationPlatforms) = postSolution
		{1ED52BF2-0302-446E-91A4-1D10AE0D60DC}.Debug|Any CPU.ActiveCfg = Debug|Any CPU
		{1ED52BF2-0302-446E-91A4-1D10AE0D60DC}.Debug|Any CPU.Build.0 = Debug|Any CPU
		{1ED52BF2-0302-446E-91A4-1D10AE0D60DC}.Release|Any CPU.ActiveCfg = Release|Any CPU
		{1ED52BF2-0302-446E-91A4-1D10AE0D60DC}.Release|Any CPU.Build.0 = Release|Any CPU
	EndGlobalSection
	GlobalSection(SolutionProperties) = preSolution
		HideSolutionNode = FALSE
	EndGlobalSection
	GlobalSection(ExtensibilityGlobals) = postSolution
		SolutionGuid = {205FA427-9C04-4FF7-A662-537135156A43}
	EndGlobalSection
EndGlobal
